
Microsoft Visual Studio Solution File, Format Version 12.00
# Visual Studio 15
VisualStudioVersion = 15.0.28307.1062
MinimumVisualStudioVersion = 10.0.40219.1
Project("{888888A0-9F3D-457C-B088-3A5042F75D52}") = "TradingTensorFlow", "TradingTensorFlow\TradingTensorFlow.pyproj", "{70A0540B-E3D6-4AE1-86C9-D7AA4B564A61}"
EndProject
Global
	GlobalSection(SolutionConfigurationPlatforms) = preSolution
		Debug|Any CPU = Debug|Any CPU
		Release|Any CPU = Release|Any CPU
	EndGlobalSection
	GlobalSection(ProjectConfigurationPlatforms) = postSolution
		{70A0540B-E3D6-4AE1-86C9-D7AA4B564A61}.Debug|Any CPU.ActiveCfg = Debug|Any CPU
		{70A0540B-E3D6-4AE1-86C9-D7AA4B564A61}.Debug|Any CPU.Build.0 = Debug|Any CPU
		{70A0540B-E3D6-4AE1-86C9-D7AA4B564A61}.Release|Any CPU.ActiveCfg = Release|Any CPU
		{70A0540B-E3D6-4AE1-86C9-D7AA4B564A61}.Release|Any CPU.Build.0 = Release|Any CPU
	EndGlobalSection
	GlobalSection(SolutionProperties) = preSolution
		HideSolutionNode = FALSE
	EndGlobalSection
	GlobalSection(ExtensibilityGlobals) = postSolution
		SolutionGuid = {0B85AD45-CE61-47CE-8EB5-3248EA378054}
	EndGlobalSection
EndGlobal
